
Microsoft Visual Studio Solution File, Format Version 12.00
# Visual Studio Version 17
VisualStudioVersion = 17.0.31903.59
MinimumVisualStudioVersion = 10.0.40219.1
Project("{FAE04EC0-301F-11D3-BF4B-00C04F79EFBC}") = "LearningEnglish.Domain", "LearningEnglish.Domain\LearningEnglish.Domain.csproj", "{F2A4E05A-33B2-427F-862C-32CECF4BC815}"
EndProject
Project("{FAE04EC0-301F-11D3-BF4B-00C04F79EFBC}") = "LearningEnglish.Application", "LearningEnglish.Application\LearningEnglish.Application.csproj", "{857823BF-64CE-4AE2-B2A0-1FAA656D15B6}"
EndProject
Project("{FAE04EC0-301F-11D3-BF4B-00C04F79EFBC}") = "LearningEnglish.Infrastructure", "LearningEnglish.Infrastructure\LearningEnglish.Infrastructure.csproj", "{DDD53D75-9AE7-4E1F-BB56-F1A84E7858A9}"
EndProject
Project("{FAE04EC0-301F-11D3-BF4B-00C04F79EFBC}") = "LearningEnglish.API", "LearningEnglish.API\LearningEnglish.API.csproj", "{FD37FA01-DE8F-466F-9872-C5A074A3DF07}"
EndProject
Global
	GlobalSection(SolutionConfigurationPlatforms) = preSolution
		Debug|Any CPU = Debug|Any CPU
		Debug|x64 = Debug|x64
		Debug|x86 = Debug|x86
		Release|Any CPU = Release|Any CPU
		Release|x64 = Release|x64
		Release|x86 = Release|x86
	EndGlobalSection
	GlobalSection(ProjectConfigurationPlatforms) = postSolution
		{F2A4E05A-33B2-427F-862C-32CECF4BC815}.Debug|Any CPU.ActiveCfg = Debug|Any CPU
		{F2A4E05A-33B2-427F-862C-32CECF4BC815}.Debug|Any CPU.Build.0 = Debug|Any CPU
		{F2A4E05A-33B2-427F-862C-32CECF4BC815}.Debug|x64.ActiveCfg = Debug|Any CPU
		{F2A4E05A-33B2-427F-862C-32CECF4BC815}.Debug|x64.Build.0 = Debug|Any CPU
		{F2A4E05A-33B2-427F-862C-32CECF4BC815}.Debug|x86.ActiveCfg = Debug|Any CPU
		{F2A4E05A-33B2-427F-862C-32CECF4BC815}.Debug|x86.Build.0 = Debug|Any CPU
		{F2A4E05A-33B2-427F-862C-32CECF4BC815}.Release|Any CPU.ActiveCfg = Release|Any CPU
		{F2A4E05A-33B2-427F-862C-32CECF4BC815}.Release|Any CPU.Build.0 = Release|Any CPU
		{F2A4E05A-33B2-427F-862C-32CECF4BC815}.Release|x64.ActiveCfg = Release|Any CPU
		{F2A4E05A-33B2-427F-862C-32CECF4BC815}.Release|x64.Build.0 = Release|Any CPU
		{F2A4E05A-33B2-427F-862C-32CECF4BC815}.Release|x86.ActiveCfg = Release|Any CPU
		{F2A4E05A-33B2-427F-862C-32CECF4BC815}.Release|x86.Build.0 = Release|Any CPU
		{857823BF-64CE-4AE2-B2A0-1FAA656D15B6}.Debug|Any CPU.ActiveCfg = Debug|Any CPU
		{857823BF-64CE-4AE2-B2A0-1FAA656D15B6}.Debug|Any CPU.Build.0 = Debug|Any CPU
		{857823BF-64CE-4AE2-B2A0-1FAA656D15B6}.Debug|x64.ActiveCfg = Debug|Any CPU
		{857823BF-64CE-4AE2-B2A0-1FAA656D15B6}.Debug|x64.Build.0 = Debug|Any CPU
		{857823BF-64CE-4AE2-B2A0-1FAA656D15B6}.Debug|x86.ActiveCfg = Debug|Any CPU
		{857823BF-64CE-4AE2-B2A0-1FAA656D15B6}.Debug|x86.Build.0 = Debug|Any CPU
		{857823BF-64CE-4AE2-B2A0-1FAA656D15B6}.Release|Any CPU.ActiveCfg = Release|Any CPU
		{857823BF-64CE-4AE2-B2A0-1FAA656D15B6}.Release|Any CPU.Build.0 = Release|Any CPU
		{857823BF-64CE-4AE2-B2A0-1FAA656D15B6}.Release|x64.ActiveCfg = Release|Any CPU
		{857823BF-64CE-4AE2-B2A0-1FAA656D15B6}.Release|x64.Build.0 = Release|Any CPU
		{857823BF-64CE-4AE2-B2A0-1FAA656D15B6}.Release|x86.ActiveCfg = Release|Any CPU
		{857823BF-64CE-4AE2-B2A0-1FAA656D15B6}.Release|x86.Build.0 = Release|Any CPU
		{DDD53D75-9AE7-4E1F-BB56-F1A84E7858A9}.Debug|Any CPU.ActiveCfg = Debug|Any CPU
		{DDD53D75-9AE7-4E1F-BB56-F1A84E7858A9}.Debug|Any CPU.Build.0 = Debug|Any CPU
		{DDD53D75-9AE7-4E1F-BB56-F1A84E7858A9}.Debug|x64.ActiveCfg = Debug|Any CPU
		{DDD53D75-9AE7-4E1F-BB56-F1A84E7858A9}.Debug|x64.Build.0 = Debug|Any CPU
		{DDD53D75-9AE7-4E1F-BB56-F1A84E7858A9}.Debug|x86.ActiveCfg = Debug|Any CPU
		{DDD53D75-9AE7-4E1F-BB56-F1A84E7858A9}.Debug|x86.Build.0 = Debug|Any CPU
		{DDD53D75-9AE7-4E1F-BB56-F1A84E7858A9}.Release|Any CPU.ActiveCfg = Release|Any CPU
		{DDD53D75-9AE7-4E1F-BB56-F1A84E7858A9}.Release|Any CPU.Build.0 = Release|Any CPU
		{DDD53D75-9AE7-4E1F-BB56-F1A84E7858A9}.Release|x64.ActiveCfg = Release|Any CPU
		{DDD53D75-9AE7-4E1F-BB56-F1A84E7858A9}.Release|x64.Build.0 = Release|Any CPU
		{DDD53D75-9AE7-4E1F-BB56-F1A84E7858A9}.Release|x86.ActiveCfg = Release|Any CPU
		{DDD53D75-9AE7-4E1F-BB56-F1A84E7858A9}.Release|x86.Build.0 = Release|Any CPU
		{FD37FA01-DE8F-466F-9872-C5A074A3DF07}.Debug|Any CPU.ActiveCfg = Debug|Any CPU
		{FD37FA01-DE8F-466F-9872-C5A074A3DF07}.Debug|Any CPU.Build.0 = Debug|Any CPU
		{FD37FA01-DE8F-466F-9872-C5A074A3DF07}.Debug|x64.ActiveCfg = Debug|Any CPU
		{FD37FA01-DE8F-466F-9872-C5A074A3DF07}.Debug|x64.Build.0 = Debug|Any CPU
		{FD37FA01-DE8F-466F-9872-C5A074A3DF07}.Debug|x86.ActiveCfg = Debug|Any CPU
		{FD37FA01-DE8F-466F-9872-C5A074A3DF07}.Debug|x86.Build.0 = Debug|Any CPU
		{FD37FA01-DE8F-466F-9872-C5A074A3DF07}.Release|Any CPU.ActiveCfg = Release|Any CPU
		{FD37FA01-DE8F-466F-9872-C5A074A3DF07}.Release|Any CPU.Build.0 = Release|Any CPU
		{FD37FA01-DE8F-466F-9872-C5A074A3DF07}.Release|x64.ActiveCfg = Release|Any CPU
		{FD37FA01-DE8F-466F-9872-C5A074A3DF07}.Release|x64.Build.0 = Release|Any CPU
		{FD37FA01-DE8F-466F-9872-C5A074A3DF07}.Release|x86.ActiveCfg = Release|Any CPU
		{FD37FA01-DE8F-466F-9872-C5A074A3DF07}.Release|x86.Build.0 = Release|Any CPU
	EndGlobalSection
	GlobalSection(SolutionProperties) = preSolution
		HideSolutionNode = FALSE
	EndGlobalSection
EndGlobal
