Microsoft Visual Studio Solution File, Format Version 12.00
# Visual Studio Version 17
VisualStudioVersion = 17.5.2.0
MinimumVisualStudioVersion = 10.0.40219.1
Project("{FAE04EC0-301F-11D3-BF4B-00C04F79EFBC}") = "LearningEnglish.API", "LearningEnglish.API.csproj", "{5A35505D-96ED-F06F-6FE3-524A1DC10D9C}"
EndProject
Global
	GlobalSection(SolutionConfigurationPlatforms) = preSolution
		Debug|Any CPU = Debug|Any CPU
		Release|Any CPU = Release|Any CPU
	EndGlobalSection
	GlobalSection(ProjectConfigurationPlatforms) = postSolution
		{5A35505D-96ED-F06F-6FE3-524A1DC10D9C}.Debug|Any CPU.ActiveCfg = Debug|Any CPU
		{5A35505D-96ED-F06F-6FE3-524A1DC10D9C}.Debug|Any CPU.Build.0 = Debug|Any CPU
		{5A35505D-96ED-F06F-6FE3-524A1DC10D9C}.Release|Any CPU.ActiveCfg = Release|Any CPU
		{5A35505D-96ED-F06F-6FE3-524A1DC10D9C}.Release|Any CPU.Build.0 = Release|Any CPU
	EndGlobalSection
	GlobalSection(SolutionProperties) = preSolution
		HideSolutionNode = FALSE
	EndGlobalSection
	GlobalSection(ExtensibilityGlobals) = postSolution
		SolutionGuid = {ABA2E966-D53A-4608-87B1-AA130913DC8F}
	EndGlobalSection
EndGlobal
